
Microsoft Visual Studio Solution File, Format Version 12.00
# Visual Studio Version 18
VisualStudioVersion = 18.3.11520.95 d18.3
MinimumVisualStudioVersion = 10.0.40219.1
Project("{FAE04EC0-301F-11D3-BF4B-00C04F79EFBC}") = "CodingChallanges", "CodingChallanges\CodingChallanges.csproj", "{BA0FAF3F-F379-42B0-B839-22209D1F5A70}"
EndProject
Project("{FAE04EC0-301F-11D3-BF4B-00C04F79EFBC}") = "Arrays", "ArrayChalllanges\Arrays.csproj", "{9DD2504E-F289-438F-B179-0295F30151A3}"
EndProject
Global
	GlobalSection(SolutionConfigurationPlatforms) = preSolution
		Debug|Any CPU = Debug|Any CPU
		Release|Any CPU = Release|Any CPU
	EndGlobalSection
	GlobalSection(ProjectConfigurationPlatforms) = postSolution
		{BA0FAF3F-F379-42B0-B839-22209D1F5A70}.Debug|Any CPU.ActiveCfg = Debug|Any CPU
		{BA0FAF3F-F379-42B0-B839-22209D1F5A70}.Debug|Any CPU.Build.0 = Debug|Any CPU
		{BA0FAF3F-F379-42B0-B839-22209D1F5A70}.Release|Any CPU.ActiveCfg = Release|Any CPU
		{BA0FAF3F-F379-42B0-B839-22209D1F5A70}.Release|Any CPU.Build.0 = Release|Any CPU
		{9DD2504E-F289-438F-B179-0295F30151A3}.Debug|Any CPU.ActiveCfg = Debug|Any CPU
		{9DD2504E-F289-438F-B179-0295F30151A3}.Debug|Any CPU.Build.0 = Debug|Any CPU
		{9DD2504E-F289-438F-B179-0295F30151A3}.Release|Any CPU.ActiveCfg = Release|Any CPU
		{9DD2504E-F289-438F-B179-0295F30151A3}.Release|Any CPU.Build.0 = Release|Any CPU
	EndGlobalSection
	GlobalSection(SolutionProperties) = preSolution
		HideSolutionNode = FALSE
	EndGlobalSection
	GlobalSection(ExtensibilityGlobals) = postSolution
		SolutionGuid = {560EDE01-B87D-4830-88B8-CEC91E971F6F}
	EndGlobalSection
EndGlobal
